# @generated by Move, please check-in and do not edit manually.

[move]
version = 3
manifest_digest = "618D08A90365B1F7A8B655559A62F8E01AF2E1FEB72A31644168DD848A0B271B"
deps_digest = "060AD7E57DFB13104F21BE5F5C3759D03F0553FC3229247D9A7A6B45F50D03A3"
dependencies = [
  { id = "Sui", name = "Sui" },
  { id = "TortoiseOSCore", name = "TortoiseOSCore" },
  { id = "TortoiseSwap", name = "TortoiseSwap" },
]

[[move.package]]
id = "MoveStdlib"
source = { git = "https://github.com/MystenLabs/sui.git", rev = "framework/mainnet", subdir = "crates/sui-framework/packages/move-stdlib" }

[[move.package]]
id = "Sui"
source = { git = "https://github.com/MystenLabs/sui.git", rev = "framework/mainnet", subdir = "crates/sui-framework/packages/sui-framework" }

dependencies = [
  { id = "MoveStdlib", name = "MoveStdlib" },
]

[[move.package]]
id = "TortoiseOSCore"
source = { local = "../core" }

dependencies = [
  { id = "Sui", name = "Sui" },
]

[[move.package]]
id = "TortoiseSwap"
source = { local = "../amm" }

dependencies = [
  { id = "Sui", name = "Sui" },
  { id = "TortoiseOSCore", name = "TortoiseOSCore" },
]

[move.toolchain-version]
compiler-version = "1.58.2"
edition = "2024.beta"
flavor = "sui"
